// !$*UTF8*$!
{
	archiveVersion = 1;
	classes = {
	};
	objectVersion = 46;
	objects = {

/* Begin PBXBuildFile section */
		608EB6711C0302F300F2F694 /* AppDelegate.swift in Sources */ = {isa = PBXBuildFile; fileRef = 608EB6701C0302F300F2F694 /* AppDelegate.swift */; };
		608EB6731C0302F300F2F694 /* ViewController.swift in Sources */ = {isa = PBXBuildFile; fileRef = 608EB6721C0302F300F2F694 /* ViewController.swift */; };
		608EB6761C0302F300F2F694 /* Main.storyboard in Resources */ = {isa = PBXBuildFile; fileRef = 608EB6741C0302F300F2F694 /* Main.storyboard */; };
		608EB6781C0302F300F2F694 /* Assets.xcassets in Resources */ = {isa = PBXBuildFile; fileRef = 608EB6771C0302F300F2F694 /* Assets.xcassets */; };
		608EB67B1C0302F300F2F694 /* LaunchScreen.storyboard in Resources */ = {isa = PBXBuildFile; fileRef = 608EB6791C0302F300F2F694 /* LaunchScreen.storyboard */; };
		608EB6841C0304B200F2F694 /* Sample1.xcassets in Resources */ = {isa = PBXBuildFile; fileRef = 608EB6831C0304B200F2F694 /* Sample1.xcassets */; };
/* End PBXBuildFile section */

/* Begin PBXFileReference section */
		608EB66D1C0302F300F2F694 /* OnDemandResourceSample.app */ = {isa = PBXFileReference; explicitFileType = wrapper.application; includeInIndex = 0; path = OnDemandResourceSample.app; sourceTree = BUILT_PRODUCTS_DIR; };
		608EB6701C0302F300F2F694 /* AppDelegate.swift */ = {isa = PBXFileReference; lastKnownFileType = sourcecode.swift; path = AppDelegate.swift; sourceTree = "<group>"; };
		608EB6721C0302F300F2F694 /* ViewController.swift */ = {isa = PBXFileReference; lastKnownFileType = sourcecode.swift; path = ViewController.swift; sourceTree = "<group>"; };
		608EB6751C0302F300F2F694 /* Base */ = {isa = PBXFileReference; lastKnownFileType = file.storyboard; name = Base; path = Base.lproj/Main.storyboard; sourceTree = "<group>"; };
		608EB6771C0302F300F2F694 /* Assets.xcassets */ = {isa = PBXFileReference; lastKnownFileType = folder.assetcatalog; path = Assets.xcassets; sourceTree = "<group>"; };
		608EB67A1C0302F300F2F694 /* Base */ = {isa = PBXFileReference; lastKnownFileType = file.storyboard; name = Base; path = Base.lproj/LaunchScreen.storyboard; sourceTree = "<group>"; };
		608EB67C1C0302F300F2F694 /* Info.plist */ = {isa = PBXFileReference; lastKnownFileType = text.plist.xml; path = Info.plist; sourceTree = "<group>"; };
		608EB6831C0304B200F2F694 /* Sample1.xcassets */ = {isa = PBXFileReference; lastKnownFileType = folder.assetcatalog; path = Sample1.xcassets; sourceTree = "<group>"; };
/* End PBXFileReference section */

/* Begin PBXFrameworksBuildPhase section */
		608EB66A1C0302F300F2F694 /* Frameworks */ = {
			isa = PBXFrameworksBuildPhase;
			buildActionMask = 2147483647;
			files = (
			);
			runOnlyForDeploymentPostprocessing = 0;
		};
/* End PBXFrameworksBuildPhase section */

/* Begin PBXGroup section */
		608EB6641C0302F300F2F694 = {
			isa = PBXGroup;
			children = (
				608EB66F1C0302F300F2F694 /* OnDemandResourceSample */,
				608EB66E1C0302F300F2F694 /* Products */,
			);
			sourceTree = "<group>";
		};
		608EB66E1C0302F300F2F694 /* Products */ = {
			isa = PBXGroup;
			children = (
				608EB66D1C0302F300F2F694 /* OnDemandResourceSample.app */,
			);
			name = Products;
			sourceTree = "<group>";
		};
		608EB66F1C0302F300F2F694 /* OnDemandResourceSample */ = {
			isa = PBXGroup;
			children = (
				608EB6701C0302F300F2F694 /* AppDelegate.swift */,
				608EB6721C0302F300F2F694 /* ViewController.swift */,
				608EB6741C0302F300F2F694 /* Main.storyboard */,
				608EB6771C0302F300F2F694 /* Assets.xcassets */,
				608EB6791C0302F300F2F694 /* LaunchScreen.storyboard */,
				608EB67C1C0302F300F2F694 /* Info.plist */,
				608EB6831C0304B200F2F694 /* Sample1.xcassets */,
			);
			path = OnDemandResourceSample;
			sourceTree = "<group>";
		};
/* End PBXGroup section */

/* Begin PBXNativeTarget section */
		608EB66C1C0302F300F2F694 /* OnDemandResourceSample */ = {
			isa = PBXNativeTarget;
			buildConfigurationList = 608EB67F1C0302F300F2F694 /* Build configuration list for PBXNativeTarget "OnDemandResourceSample" */;
			buildPhases = (
				608EB6691C0302F300F2F694 /* Sources */,
				608EB66A1C0302F300F2F694 /* Frameworks */,
				608EB66B1C0302F300F2F694 /* Resources */,
			);
			buildRules = (
			);
			dependencies = (
			);
			name = OnDemandResourceSample;
			productName = OnDemandResourceSample;
			productReference = 608EB66D1C0302F300F2F694 /* OnDemandResourceSample.app */;
			productType = "com.apple.product-type.application";
		};
/* End PBXNativeTarget section */

/* Begin PBXProject section */
		608EB6651C0302F300F2F694 /* Project object */ = {
			isa = PBXProject;
			attributes = {
				KnownAssetTags = (
					Sample1,
				);
				LastSwiftUpdateCheck = 0710;
				LastUpgradeCheck = 0710;
				ORGANIZATIONNAME = "JPOP-NEWS.net";
				TargetAttributes = {
					608EB66C1C0302F300F2F694 = {
						CreatedOnToolsVersion = 7.1.1;
					};
				};
			};
			buildConfigurationList = 608EB6681C0302F300F2F694 /* Build configuration list for PBXProject "OnDemandResourceSample" */;
			compatibilityVersion = "Xcode 3.2";
			developmentRegion = English;
			hasScannedForEncodings = 0;
			knownRegions = (
				en,
				Base,
			);
			mainGroup = 608EB6641C0302F300F2F694;
			productRefGroup = 608EB66E1C0302F300F2F694 /* Products */;
			projectDirPath = "";
			projectRoot = "";
			targets = (
				608EB66C1C0302F300F2F694 /* OnDemandResourceSample */,
			);
		};
/* End PBXProject section */

/* Begin PBXResourcesBuildPhase section */
		608EB66B1C0302F300F2F694 /* Resources */ = {
			isa = PBXResourcesBuildPhase;
			buildActionMask = 2147483647;
			files = (
				608EB67B1C0302F300F2F694 /* LaunchScreen.storyboard in Resources */,
				608EB6781C0302F300F2F694 /* Assets.xcassets in Resources */,
				608EB6761C0302F300F2F694 /* Main.storyboard in Resources */,
				608EB6841C0304B200F2F694 /* Sample1.xcassets in Resources */,
			);
			runOnlyForDeploymentPostprocessing = 0;
		};
/* End PBXResourcesBuildPhase section */

/* Begin PBXSourcesBuildPhase section */
		608EB6691C0302F300F2F694 /* Sources */ = {
			isa = PBXSourcesBuildPhase;
			buildActionMask = 2147483647;
			files = (
				608EB6731C0302F300F2F694 /* ViewController.swift in Sources */,
				608EB6711C0302F300F2F694 /* AppDelegate.swift in Sources */,
			);
			runOnlyForDeploymentPostprocessing = 0;
		};
/* End PBXSourcesBuildPhase section */

/* Begin PBXVariantGroup section */
		608EB6741C0302F300F2F694 /* Main.storyboard */ = {
			isa = PBXVariantGroup;
			children = (
				608EB6751C0302F300F2F694 /* Base */,
			);
			name = Main.storyboard;
			sourceTree = "<group>";
		};
		608EB6791C0302F300F2F694 /* LaunchScreen.storyboard */ = {
			isa = PBXVariantGroup;
			children = (
				608EB67A1C0302F300F2F694 /* Base */,
			);
			name = LaunchScreen.storyboard;
			sourceTree = "<group>";
		};
/* End PBXVariantGroup section */

/* Begin XCBuildConfiguration section */
		608EB67D1C0302F300F2F694 /* Debug */ = {
			isa = XCBuildConfiguration;
			buildSettings = {
				ALWAYS_SEARCH_USER_PATHS = NO;
				CLANG_CXX_LANGUAGE_STANDARD = "gnu++0x";
				CLANG_CXX_LIBRARY = "libc++";
				CLANG_ENABLE_MODULES = YES;
				CLANG_ENABLE_OBJC_ARC = YES;
				CLANG_WARN_BOOL_CONVERSION = YES;
				CLANG_WARN_CONSTANT_CONVERSION = YES;
				CLANG_WARN_DIRECT_OBJC_ISA_USAGE = YES_ERROR;
				CLANG_WARN_EMPTY_BODY = YES;
				CLANG_WARN_ENUM_CONVERSION = YES;
				CLANG_WARN_INT_CONVERSION = YES;
				CLANG_WARN_OBJC_ROOT_CLASS = YES_ERROR;
				CLANG_WARN_UNREACHABLE_CODE = YES;
				CLANG_WARN__DUPLICATE_METHOD_MATCH = YES;
				"CODE_SIGN_IDENTITY[sdk=iphoneos*]" = "iPhone Developer";
				COPY_PHASE_STRIP = NO;
				DEBUG_INFORMATION_FORMAT = dwarf;
				ENABLE_STRICT_OBJC_MSGSEND = YES;
				ENABLE_TESTABILITY = YES;
				GCC_C_LANGUAGE_STANDARD = gnu99;
				GCC_DYNAMIC_NO_PIC = NO;
				GCC_NO_COMMON_BLOCKS = YES;
				GCC_OPTIMIZATION_LEVEL = 0;
				GCC_PREPROCESSOR_DEFINITIONS = (
					"DEBUG=1",
					"$(inherited)",
				);
				GCC_WARN_64_TO_32_BIT_CONVERSION = YES;
				GCC_WARN_ABOUT_RETURN_TYPE = YES_ERROR;
				GCC_WARN_UNDECLARED_SELECTOR = YES;
				GCC_WARN_UNINITIALIZED_AUTOS = YES_AGGRESSIVE;
				GCC_WARN_UNUSED_FUNCTION = YES;
				GCC_WARN_UNUSED_VARIABLE = YES;
				IPHONEOS_DEPLOYMENT_TARGET = 9.1;
				MTL_ENABLE_DEBUG_INFO = YES;
				ONLY_ACTIVE_ARCH = YES;
				SDKROOT = iphoneos;
				SWIFT_OPTIMIZATION_LEVEL = "-Onone";
				TARGETED_DEVICE_FAMILY = "1,2";
			};
			name = Debug;
		};
		608EB67E1C0302F300F2F694 /* Release */ = {
			isa = XCBuildConfiguration;
			buildSettings = {
				ALWAYS_SEARCH_USER_PATHS = NO;
				CLANG_CXX_LANGUAGE_STANDARD = "gnu++0x";
				CLANG_CXX_LIBRARY = "libc++";
				CLANG_ENABLE_MODULES = YES;
				CLANG_ENABLE_OBJC_ARC = YES;
				CLANG_WARN_BOOL_CONVERSION = YES;
				CLANG_WARN_CONSTANT_CONVERSION = YES;
				CLANG_WARN_DIRECT_OBJC_ISA_USAGE = YES_ERROR;
				CLANG_WARN_EMPTY_BODY = YES;
				CLANG_WARN_ENUM_CONVERSION = YES;
				CLANG_WARN_INT_CONVERSION = YES;
				CLANG_WARN_OBJC_ROOT_CLASS = YES_ERROR;
				CLANG_WARN_UNREACHABLE_CODE = YES;
				CLANG_WARN__DUPLICATE_METHOD_MATCH = YES;
				"CODE_SIGN_IDENTITY[sdk=iphoneos*]" = "iPhone Developer";
				COPY_PHASE_STRIP = NO;
				DEBUG_INFORMATION_FORMAT = "dwarf-with-dsym";
				ENABLE_NS_ASSERTIONS = NO;
				ENABLE_STRICT_OBJC_MSGSEND = YES;
				GCC_C_LANGUAGE_STANDARD = gnu99;
				GCC_NO_COMMON_BLOCKS = YES;
				GCC_WARN_64_TO_32_BIT_CONVERSION = YES;
				GCC_WARN_ABOUT_RETURN_TYPE = YES_ERROR;
				GCC_WARN_UNDECLARED_SELECTOR = YES;
				GCC_WARN_UNINITIALIZED_AUTOS = YES_AGGRESSIVE;
				GCC_WARN_UNUSED_FUNCTION = YES;
				GCC_WARN_UNUSED_VARIABLE = YES;
				IPHONEOS_DEPLOYMENT_TARGET = 9.1;
				MTL_ENABLE_DEBUG_INFO = NO;
				SDKROOT = iphoneos;
				TARGETED_DEVICE_FAMILY = "1,2";
				VALIDATE_PRODUCT = YES;
			};
			name = Release;
		};
		608EB6801C0302F300F2F694 /* Debug */ = {
			isa = XCBuildConfiguration;
			buildSettings = {
				ASSETCATALOG_COMPILER_APPICON_NAME = AppIcon;
				INFOPLIST_FILE = OnDemandResourceSample/Info.plist;
				LD_RUNPATH_SEARCH_PATHS = "$(inherited) @executable_path/Frameworks";
				PRODUCT_BUNDLE_IDENTIFIER = energist.web.fc2.com.OnDemandResourceSample;
				PRODUCT_NAME = "$(TARGET_NAME)";
			};
			name = Debug;
		};
		608EB6811C0302F300F2F694 /* Release */ = {
			isa = XCBuildConfiguration;
			buildSettings = {
				ASSETCATALOG_COMPILER_APPICON_NAME = AppIcon;
				INFOPLIST_FILE = OnDemandResourceSample/Info.plist;
				LD_RUNPATH_SEARCH_PATHS = "$(inherited) @executable_path/Frameworks";
				PRODUCT_BUNDLE_IDENTIFIER = energist.web.fc2.com.OnDemandResourceSample;
				PRODUCT_NAME = "$(TARGET_NAME)";
			};
			name = Release;
		};
/* End XCBuildConfiguration section */

/* Begin XCConfigurationList section */
		608EB6681C0302F300F2F694 /* Build configuration list for PBXProject "OnDemandResourceSample" */ = {
			isa = XCConfigurationList;
			buildConfigurations = (
				608EB67D1C0302F300F2F694 /* Debug */,
				608EB67E1C0302F300F2F694 /* Release */,
			);
			defaultConfigurationIsVisible = 0;
			defaultConfigurationName = Release;
		};
		608EB67F1C0302F300F2F694 /* Build configuration list for PBXNativeTarget "OnDemandResourceSample" */ = {
			isa = XCConfigurationList;
			buildConfigurations = (
				608EB6801C0302F300F2F694 /* Debug */,
				608EB6811C0302F300F2F694 /* Release */,
			);
			defaultConfigurationIsVisible = 0;
		};
/* End XCConfigurationList section */
	};
	rootObject = 608EB6651C0302F300F2F694 /* Project object */;
}
